
Microsoft Visual Studio Solution File, Format Version 12.00
# Visual Studio Version 16
VisualStudioVersion = 16.0.30128.74
MinimumVisualStudioVersion = 10.0.40219.1
Project("{FAE04EC0-301F-11D3-BF4B-00C04F79EFBC}") = "USMALL", "USMALL\USMALL.csproj", "{1C470A09-5EFF-441F-B8C5-5110D86C6376}"
EndProject
Global
	GlobalSection(SolutionConfigurationPlatforms) = preSolution
		Debug|Any CPU = Debug|Any CPU
		Release|Any CPU = Release|Any CPU
	EndGlobalSection
	GlobalSection(ProjectConfigurationPlatforms) = postSolution
		{1C470A09-5EFF-441F-B8C5-5110D86C6376}.Debug|Any CPU.ActiveCfg = Debug|Any CPU
		{1C470A09-5EFF-441F-B8C5-5110D86C6376}.Debug|Any CPU.Build.0 = Debug|Any CPU
		{1C470A09-5EFF-441F-B8C5-5110D86C6376}.Release|Any CPU.ActiveCfg = Release|Any CPU
		{1C470A09-5EFF-441F-B8C5-5110D86C6376}.Release|Any CPU.Build.0 = Release|Any CPU
	EndGlobalSection
	GlobalSection(SolutionProperties) = preSolution
		HideSolutionNode = FALSE
	EndGlobalSection
	GlobalSection(ExtensibilityGlobals) = postSolution
		SolutionGuid = {E74729C4-0546-4023-819A-E715E9FE4613}
	EndGlobalSection
EndGlobal
